
Microsoft Visual Studio Solution File, Format Version 12.00
# Visual Studio 2017
Project("{FAE04EC0-301F-11D3-BF4B-00C04F79EFBC}") = "LeoSs", "LeoSs.csproj", "{75B8EFF3-FCEF-A138-D886-41EB8C6AE420}"
EndProject
Project("{FAE04EC0-301F-11D3-BF4B-00C04F79EFBC}") = "LeoSs.Editor", "LeoSs.Editor.csproj", "{FB869007-5C74-8D8F-0BBF-3692B23CCAEB}"
EndProject
Global
	GlobalSection(SolutionConfigurationPlatforms) = preSolution
		Debug|Any CPU = Debug|Any CPU
		Release|Any CPU = Release|Any CPU
	EndGlobalSection
	GlobalSection(ProjectConfigurationPlatforms) = postSolution
		{75B8EFF3-FCEF-A138-D886-41EB8C6AE420}.Debug|Any CPU.ActiveCfg = Debug|Any CPU
		{75B8EFF3-FCEF-A138-D886-41EB8C6AE420}.Debug|Any CPU.Build.0 = Debug|Any CPU
		{75B8EFF3-FCEF-A138-D886-41EB8C6AE420}.Release|Any CPU.ActiveCfg = Release|Any CPU
		{75B8EFF3-FCEF-A138-D886-41EB8C6AE420}.Release|Any CPU.Build.0 = Release|Any CPU
		{FB869007-5C74-8D8F-0BBF-3692B23CCAEB}.Debug|Any CPU.ActiveCfg = Debug|Any CPU
		{FB869007-5C74-8D8F-0BBF-3692B23CCAEB}.Debug|Any CPU.Build.0 = Debug|Any CPU
		{FB869007-5C74-8D8F-0BBF-3692B23CCAEB}.Release|Any CPU.ActiveCfg = Release|Any CPU
		{FB869007-5C74-8D8F-0BBF-3692B23CCAEB}.Release|Any CPU.Build.0 = Release|Any CPU
	EndGlobalSection
	GlobalSection(SolutionProperties) = preSolution
		HideSolutionNode = FALSE
	EndGlobalSection
EndGlobal
